<Solution>
  <Folder Name="/src/">
    <Project Path="src/CallCenter.Api/CallCenter.Api.csproj" />
    <Project Path="src/CallCenter.Data/CallCenter.Data.csproj" />
    <Project Path="src/CallCenter.Salon/CallCenter.Salon.csproj" />
    <Project Path="src/CallCenter.Shared/CallCenter.Shared.csproj" />
    <Project Path="src/CallCenter.Web/CallCenter.Web.csproj" />
    <Project Path="src/CallCenter.PbxService/CallCenter.PbxService.csproj" />
    <Project Path="src/CallCenter.Windows/CallCenter.Windows.csproj" />
    <Project Path="src/CallCenter.Landing/CallCenter.Landing.csproj" />
    <Project Path="src/CallCenter.Crm/CallCenter.Crm.csproj" />
    <Project Path="src/CallCenter.Management/CallCenter.Management.csproj" />
    <Project Path="src/CallCenter.Menu/CallCenter.Menu.csproj" />
  </Folder>
  <Folder Name="/tests/">
    <Project Path="tests/CallCenter.Tests/CallCenter.Tests.csproj" />
    <Project Path="tests/CallCenter.Windows.Tests/CallCenter.Windows.Tests.csproj" />
  </Folder>
</Solution>
